
Microsoft Visual Studio Solution File, Format Version 12.00
# Visual Studio 15
VisualStudioVersion = 15.0.26124.0
MinimumVisualStudioVersion = 15.0.26124.0
Project("{FAE04EC0-301F-11D3-BF4B-00C04F79EFBC}") = "MicroService.first", "src\Microservice.one\MicroService.first\MicroService.first.csproj", "{91B3A16D-0254-4DA3-AA6C-68E8CD60443F}"
EndProject
Project("{FAE04EC0-301F-11D3-BF4B-00C04F79EFBC}") = "Framework.EF", "src\Microservice.one\Framework.EF\Framework.EF.csproj", "{B380B2B0-4635-4FE8-A278-F5A91CD9CEA4}"
EndProject
Project("{FAE04EC0-301F-11D3-BF4B-00C04F79EFBC}") = "TestApps", "src\TestApps\TestApps.csproj", "{1D350B5C-C964-4A7D-8C9E-B2DB85025F95}"
EndProject
Project("{FAE04EC0-301F-11D3-BF4B-00C04F79EFBC}") = "Microservice.second", "src\Microservice.two\Microservice.second\Microservice.second.csproj", "{2337DBFA-F50A-4E16-8653-15A20764D6F8}"
EndProject
Project("{FAE04EC0-301F-11D3-BF4B-00C04F79EFBC}") = "Framework.CQRS", "src\Microservice.one\Framework.CQRS\Framework.CQRS.csproj", "{1369420C-8D20-42A1-B231-89197AE3D1FA}"
EndProject
Project("{FAE04EC0-301F-11D3-BF4B-00C04F79EFBC}") = "Framework.EventBus", "src\Framework.EventBus\Framework.EventBus.csproj", "{1A72BB5A-AB6A-4F28-93A1-D1A2008E5D0D}"
EndProject
Project("{2150E333-8FDC-42A3-9474-1A3956D46DE8}") = "src", "src", "{E8A507F6-CA65-4916-9D6F-47E0E36D0B49}"
EndProject
Project("{2150E333-8FDC-42A3-9474-1A3956D46DE8}") = "Microservice.one", "Microservice.one", "{87FBA8F9-9C2F-4A71-B8C2-AC9895F96CE8}"
EndProject
Project("{2150E333-8FDC-42A3-9474-1A3956D46DE8}") = "Microservice.two", "Microservice.two", "{63FF3C71-092E-4B38-9AA9-2DF2821CD594}"
EndProject
Global
	GlobalSection(SolutionConfigurationPlatforms) = preSolution
		Debug|Any CPU = Debug|Any CPU
		Debug|x64 = Debug|x64
		Debug|x86 = Debug|x86
		Release|Any CPU = Release|Any CPU
		Release|x64 = Release|x64
		Release|x86 = Release|x86
	EndGlobalSection
	GlobalSection(SolutionProperties) = preSolution
		HideSolutionNode = FALSE
	EndGlobalSection
	GlobalSection(ProjectConfigurationPlatforms) = postSolution
		{91B3A16D-0254-4DA3-AA6C-68E8CD60443F}.Debug|Any CPU.ActiveCfg = Debug|Any CPU
		{91B3A16D-0254-4DA3-AA6C-68E8CD60443F}.Debug|Any CPU.Build.0 = Debug|Any CPU
		{91B3A16D-0254-4DA3-AA6C-68E8CD60443F}.Debug|x64.ActiveCfg = Debug|Any CPU
		{91B3A16D-0254-4DA3-AA6C-68E8CD60443F}.Debug|x64.Build.0 = Debug|Any CPU
		{91B3A16D-0254-4DA3-AA6C-68E8CD60443F}.Debug|x86.ActiveCfg = Debug|Any CPU
		{91B3A16D-0254-4DA3-AA6C-68E8CD60443F}.Debug|x86.Build.0 = Debug|Any CPU
		{91B3A16D-0254-4DA3-AA6C-68E8CD60443F}.Release|Any CPU.ActiveCfg = Release|Any CPU
		{91B3A16D-0254-4DA3-AA6C-68E8CD60443F}.Release|Any CPU.Build.0 = Release|Any CPU
		{91B3A16D-0254-4DA3-AA6C-68E8CD60443F}.Release|x64.ActiveCfg = Release|Any CPU
		{91B3A16D-0254-4DA3-AA6C-68E8CD60443F}.Release|x64.Build.0 = Release|Any CPU
		{91B3A16D-0254-4DA3-AA6C-68E8CD60443F}.Release|x86.ActiveCfg = Release|Any CPU
		{91B3A16D-0254-4DA3-AA6C-68E8CD60443F}.Release|x86.Build.0 = Release|Any CPU
		{B380B2B0-4635-4FE8-A278-F5A91CD9CEA4}.Debug|Any CPU.ActiveCfg = Debug|Any CPU
		{B380B2B0-4635-4FE8-A278-F5A91CD9CEA4}.Debug|Any CPU.Build.0 = Debug|Any CPU
		{B380B2B0-4635-4FE8-A278-F5A91CD9CEA4}.Debug|x64.ActiveCfg = Debug|Any CPU
		{B380B2B0-4635-4FE8-A278-F5A91CD9CEA4}.Debug|x64.Build.0 = Debug|Any CPU
		{B380B2B0-4635-4FE8-A278-F5A91CD9CEA4}.Debug|x86.ActiveCfg = Debug|Any CPU
		{B380B2B0-4635-4FE8-A278-F5A91CD9CEA4}.Debug|x86.Build.0 = Debug|Any CPU
		{B380B2B0-4635-4FE8-A278-F5A91CD9CEA4}.Release|Any CPU.ActiveCfg = Release|Any CPU
		{B380B2B0-4635-4FE8-A278-F5A91CD9CEA4}.Release|Any CPU.Build.0 = Release|Any CPU
		{B380B2B0-4635-4FE8-A278-F5A91CD9CEA4}.Release|x64.ActiveCfg = Release|Any CPU
		{B380B2B0-4635-4FE8-A278-F5A91CD9CEA4}.Release|x64.Build.0 = Release|Any CPU
		{B380B2B0-4635-4FE8-A278-F5A91CD9CEA4}.Release|x86.ActiveCfg = Release|Any CPU
		{B380B2B0-4635-4FE8-A278-F5A91CD9CEA4}.Release|x86.Build.0 = Release|Any CPU
		{1D350B5C-C964-4A7D-8C9E-B2DB85025F95}.Debug|Any CPU.ActiveCfg = Debug|Any CPU
		{1D350B5C-C964-4A7D-8C9E-B2DB85025F95}.Debug|Any CPU.Build.0 = Debug|Any CPU
		{1D350B5C-C964-4A7D-8C9E-B2DB85025F95}.Debug|x64.ActiveCfg = Debug|Any CPU
		{1D350B5C-C964-4A7D-8C9E-B2DB85025F95}.Debug|x64.Build.0 = Debug|Any CPU
		{1D350B5C-C964-4A7D-8C9E-B2DB85025F95}.Debug|x86.ActiveCfg = Debug|Any CPU
		{1D350B5C-C964-4A7D-8C9E-B2DB85025F95}.Debug|x86.Build.0 = Debug|Any CPU
		{1D350B5C-C964-4A7D-8C9E-B2DB85025F95}.Release|Any CPU.ActiveCfg = Release|Any CPU
		{1D350B5C-C964-4A7D-8C9E-B2DB85025F95}.Release|Any CPU.Build.0 = Release|Any CPU
		{1D350B5C-C964-4A7D-8C9E-B2DB85025F95}.Release|x64.ActiveCfg = Release|Any CPU
		{1D350B5C-C964-4A7D-8C9E-B2DB85025F95}.Release|x64.Build.0 = Release|Any CPU
		{1D350B5C-C964-4A7D-8C9E-B2DB85025F95}.Release|x86.ActiveCfg = Release|Any CPU
		{1D350B5C-C964-4A7D-8C9E-B2DB85025F95}.Release|x86.Build.0 = Release|Any CPU
		{2337DBFA-F50A-4E16-8653-15A20764D6F8}.Debug|Any CPU.ActiveCfg = Debug|Any CPU
		{2337DBFA-F50A-4E16-8653-15A20764D6F8}.Debug|Any CPU.Build.0 = Debug|Any CPU
		{2337DBFA-F50A-4E16-8653-15A20764D6F8}.Debug|x64.ActiveCfg = Debug|Any CPU
		{2337DBFA-F50A-4E16-8653-15A20764D6F8}.Debug|x64.Build.0 = Debug|Any CPU
		{2337DBFA-F50A-4E16-8653-15A20764D6F8}.Debug|x86.ActiveCfg = Debug|Any CPU
		{2337DBFA-F50A-4E16-8653-15A20764D6F8}.Debug|x86.Build.0 = Debug|Any CPU
		{2337DBFA-F50A-4E16-8653-15A20764D6F8}.Release|Any CPU.ActiveCfg = Release|Any CPU
		{2337DBFA-F50A-4E16-8653-15A20764D6F8}.Release|Any CPU.Build.0 = Release|Any CPU
		{2337DBFA-F50A-4E16-8653-15A20764D6F8}.Release|x64.ActiveCfg = Release|Any CPU
		{2337DBFA-F50A-4E16-8653-15A20764D6F8}.Release|x64.Build.0 = Release|Any CPU
		{2337DBFA-F50A-4E16-8653-15A20764D6F8}.Release|x86.ActiveCfg = Release|Any CPU
		{2337DBFA-F50A-4E16-8653-15A20764D6F8}.Release|x86.Build.0 = Release|Any CPU
		{1369420C-8D20-42A1-B231-89197AE3D1FA}.Debug|Any CPU.ActiveCfg = Debug|Any CPU
		{1369420C-8D20-42A1-B231-89197AE3D1FA}.Debug|Any CPU.Build.0 = Debug|Any CPU
		{1369420C-8D20-42A1-B231-89197AE3D1FA}.Debug|x64.ActiveCfg = Debug|Any CPU
		{1369420C-8D20-42A1-B231-89197AE3D1FA}.Debug|x64.Build.0 = Debug|Any CPU
		{1369420C-8D20-42A1-B231-89197AE3D1FA}.Debug|x86.ActiveCfg = Debug|Any CPU
		{1369420C-8D20-42A1-B231-89197AE3D1FA}.Debug|x86.Build.0 = Debug|Any CPU
		{1369420C-8D20-42A1-B231-89197AE3D1FA}.Release|Any CPU.ActiveCfg = Release|Any CPU
		{1369420C-8D20-42A1-B231-89197AE3D1FA}.Release|Any CPU.Build.0 = Release|Any CPU
		{1369420C-8D20-42A1-B231-89197AE3D1FA}.Release|x64.ActiveCfg = Release|Any CPU
		{1369420C-8D20-42A1-B231-89197AE3D1FA}.Release|x64.Build.0 = Release|Any CPU
		{1369420C-8D20-42A1-B231-89197AE3D1FA}.Release|x86.ActiveCfg = Release|Any CPU
		{1369420C-8D20-42A1-B231-89197AE3D1FA}.Release|x86.Build.0 = Release|Any CPU
		{1A72BB5A-AB6A-4F28-93A1-D1A2008E5D0D}.Debug|Any CPU.ActiveCfg = Debug|Any CPU
		{1A72BB5A-AB6A-4F28-93A1-D1A2008E5D0D}.Debug|Any CPU.Build.0 = Debug|Any CPU
		{1A72BB5A-AB6A-4F28-93A1-D1A2008E5D0D}.Debug|x64.ActiveCfg = Debug|Any CPU
		{1A72BB5A-AB6A-4F28-93A1-D1A2008E5D0D}.Debug|x64.Build.0 = Debug|Any CPU
		{1A72BB5A-AB6A-4F28-93A1-D1A2008E5D0D}.Debug|x86.ActiveCfg = Debug|Any CPU
		{1A72BB5A-AB6A-4F28-93A1-D1A2008E5D0D}.Debug|x86.Build.0 = Debug|Any CPU
		{1A72BB5A-AB6A-4F28-93A1-D1A2008E5D0D}.Release|Any CPU.ActiveCfg = Release|Any CPU
		{1A72BB5A-AB6A-4F28-93A1-D1A2008E5D0D}.Release|Any CPU.Build.0 = Release|Any CPU
		{1A72BB5A-AB6A-4F28-93A1-D1A2008E5D0D}.Release|x64.ActiveCfg = Release|Any CPU
		{1A72BB5A-AB6A-4F28-93A1-D1A2008E5D0D}.Release|x64.Build.0 = Release|Any CPU
		{1A72BB5A-AB6A-4F28-93A1-D1A2008E5D0D}.Release|x86.ActiveCfg = Release|Any CPU
		{1A72BB5A-AB6A-4F28-93A1-D1A2008E5D0D}.Release|x86.Build.0 = Release|Any CPU
	EndGlobalSection
	GlobalSection(NestedProjects) = preSolution
		{1A72BB5A-AB6A-4F28-93A1-D1A2008E5D0D} = {E8A507F6-CA65-4916-9D6F-47E0E36D0B49}
		{1D350B5C-C964-4A7D-8C9E-B2DB85025F95} = {E8A507F6-CA65-4916-9D6F-47E0E36D0B49}
		{87FBA8F9-9C2F-4A71-B8C2-AC9895F96CE8} = {E8A507F6-CA65-4916-9D6F-47E0E36D0B49}
		{1369420C-8D20-42A1-B231-89197AE3D1FA} = {87FBA8F9-9C2F-4A71-B8C2-AC9895F96CE8}
		{B380B2B0-4635-4FE8-A278-F5A91CD9CEA4} = {87FBA8F9-9C2F-4A71-B8C2-AC9895F96CE8}
		{91B3A16D-0254-4DA3-AA6C-68E8CD60443F} = {87FBA8F9-9C2F-4A71-B8C2-AC9895F96CE8}
		{63FF3C71-092E-4B38-9AA9-2DF2821CD594} = {E8A507F6-CA65-4916-9D6F-47E0E36D0B49}
		{2337DBFA-F50A-4E16-8653-15A20764D6F8} = {63FF3C71-092E-4B38-9AA9-2DF2821CD594}
	EndGlobalSection
EndGlobal
