
Microsoft Visual Studio Solution File, Format Version 12.00
# Visual Studio 15
VisualStudioVersion = 15.0.26124.0
MinimumVisualStudioVersion = 15.0.26124.0
Project("{2150E333-8FDC-42A3-9474-1A3956D46DE8}") = "src", "src", "{E8A507F6-CA65-4916-9D6F-47E0E36D0B49}"
EndProject
Project("{FAE04EC0-301F-11D3-BF4B-00C04F79EFBC}") = "Framework.Domain", "src\Frameworks\Framework.Domain\Framework.Domain.csproj", "{44ABCCB1-9667-4AAF-9137-81BD75F92A05}"
EndProject
Project("{FAE04EC0-301F-11D3-BF4B-00C04F79EFBC}") = "Framework.Infra.ManualCommandHandlers", "src\Frameworks\Framework.Infra.ManualCommandHandlers\Framework.Infra.ManualCommandHandlers.csproj", "{BC20D309-1D47-41E3-8D6B-338B6ECB92FF}"
EndProject
Project("{2150E333-8FDC-42A3-9474-1A3956D46DE8}") = "Frameworks", "Frameworks", "{4B3954E6-7974-4D1C-85B3-B0EEDD11A10E}"
EndProject
Project("{FAE04EC0-301F-11D3-BF4B-00C04F79EFBC}") = "Framework.Exception", "src\Frameworks\Framework.Exception\Framework.Exception.csproj", "{859B3028-BB34-46D2-8ECE-F122C597E49F}"
EndProject
Project("{FAE04EC0-301F-11D3-BF4B-00C04F79EFBC}") = "Framework.Infra.Common", "src\Frameworks\Framework.Infra.Common\Framework.Infra.Common.csproj", "{1FBA25C3-AC68-4544-911D-88C90E6F37A3}"
EndProject
Project("{FAE04EC0-301F-11D3-BF4B-00C04F79EFBC}") = "Framework.Controller", "src\Frameworks\Framework.Controller\Framework.Controller.csproj", "{A4CE38BB-1D19-44EE-986D-1838538FD7F5}"
EndProject
Project("{FAE04EC0-301F-11D3-BF4B-00C04F79EFBC}") = "Framework.Queries", "src\Frameworks\Framework.Queries\Framework.Queries.csproj", "{4367694B-DC9A-4CD2-AE59-18D05FAB5D47}"
EndProject
Project("{FAE04EC0-301F-11D3-BF4B-00C04F79EFBC}") = "Framework.Infra.EntityFramework", "src\Frameworks\Framework.Infra.EntityFramework\Framework.Infra.EntityFramework.csproj", "{DDE56695-FFAF-4E80-BD71-1B50AFED7EC4}"
EndProject
Project("{2150E333-8FDC-42A3-9474-1A3956D46DE8}") = "Documents", "Documents", "{C2ED10DE-871E-4651-89C4-AEA2CFDD9136}"
	ProjectSection(SolutionItems) = preProject
		src\Documents\CommandHandler.md = src\Documents\CommandHandler.md
	EndProjectSection
EndProject
Project("{FAE04EC0-301F-11D3-BF4B-00C04F79EFBC}") = "Framework.Infra.MediatR", "src\Frameworks\Framework.Infra.MediatR\Framework.Infra.MediatR.csproj", "{42221FC1-E47F-4D8A-B6F2-42D9537044DA}"
EndProject
Project("{FAE04EC0-301F-11D3-BF4B-00C04F79EFBC}") = "Framework.MassTransitConfig", "src\Frameworks\Framework.MassTransitConfig\Framework.MassTransitConfig.csproj", "{93933479-3B02-40C3-A810-CA61291F9B24}"
EndProject
Global
	GlobalSection(SolutionConfigurationPlatforms) = preSolution
		Debug|Any CPU = Debug|Any CPU
		Debug|x64 = Debug|x64
		Debug|x86 = Debug|x86
		Release|Any CPU = Release|Any CPU
		Release|x64 = Release|x64
		Release|x86 = Release|x86
	EndGlobalSection
	GlobalSection(SolutionProperties) = preSolution
		HideSolutionNode = FALSE
	EndGlobalSection
	GlobalSection(ProjectConfigurationPlatforms) = postSolution
		{44ABCCB1-9667-4AAF-9137-81BD75F92A05}.Debug|Any CPU.ActiveCfg = Debug|Any CPU
		{44ABCCB1-9667-4AAF-9137-81BD75F92A05}.Debug|Any CPU.Build.0 = Debug|Any CPU
		{44ABCCB1-9667-4AAF-9137-81BD75F92A05}.Debug|x64.ActiveCfg = Debug|Any CPU
		{44ABCCB1-9667-4AAF-9137-81BD75F92A05}.Debug|x64.Build.0 = Debug|Any CPU
		{44ABCCB1-9667-4AAF-9137-81BD75F92A05}.Debug|x86.ActiveCfg = Debug|Any CPU
		{44ABCCB1-9667-4AAF-9137-81BD75F92A05}.Debug|x86.Build.0 = Debug|Any CPU
		{44ABCCB1-9667-4AAF-9137-81BD75F92A05}.Release|Any CPU.ActiveCfg = Release|Any CPU
		{44ABCCB1-9667-4AAF-9137-81BD75F92A05}.Release|Any CPU.Build.0 = Release|Any CPU
		{44ABCCB1-9667-4AAF-9137-81BD75F92A05}.Release|x64.ActiveCfg = Release|Any CPU
		{44ABCCB1-9667-4AAF-9137-81BD75F92A05}.Release|x64.Build.0 = Release|Any CPU
		{44ABCCB1-9667-4AAF-9137-81BD75F92A05}.Release|x86.ActiveCfg = Release|Any CPU
		{44ABCCB1-9667-4AAF-9137-81BD75F92A05}.Release|x86.Build.0 = Release|Any CPU
		{BC20D309-1D47-41E3-8D6B-338B6ECB92FF}.Debug|Any CPU.ActiveCfg = Debug|Any CPU
		{BC20D309-1D47-41E3-8D6B-338B6ECB92FF}.Debug|Any CPU.Build.0 = Debug|Any CPU
		{BC20D309-1D47-41E3-8D6B-338B6ECB92FF}.Debug|x64.ActiveCfg = Debug|Any CPU
		{BC20D309-1D47-41E3-8D6B-338B6ECB92FF}.Debug|x64.Build.0 = Debug|Any CPU
		{BC20D309-1D47-41E3-8D6B-338B6ECB92FF}.Debug|x86.ActiveCfg = Debug|Any CPU
		{BC20D309-1D47-41E3-8D6B-338B6ECB92FF}.Debug|x86.Build.0 = Debug|Any CPU
		{BC20D309-1D47-41E3-8D6B-338B6ECB92FF}.Release|Any CPU.ActiveCfg = Release|Any CPU
		{BC20D309-1D47-41E3-8D6B-338B6ECB92FF}.Release|Any CPU.Build.0 = Release|Any CPU
		{BC20D309-1D47-41E3-8D6B-338B6ECB92FF}.Release|x64.ActiveCfg = Release|Any CPU
		{BC20D309-1D47-41E3-8D6B-338B6ECB92FF}.Release|x64.Build.0 = Release|Any CPU
		{BC20D309-1D47-41E3-8D6B-338B6ECB92FF}.Release|x86.ActiveCfg = Release|Any CPU
		{BC20D309-1D47-41E3-8D6B-338B6ECB92FF}.Release|x86.Build.0 = Release|Any CPU
		{859B3028-BB34-46D2-8ECE-F122C597E49F}.Debug|Any CPU.ActiveCfg = Debug|Any CPU
		{859B3028-BB34-46D2-8ECE-F122C597E49F}.Debug|Any CPU.Build.0 = Debug|Any CPU
		{859B3028-BB34-46D2-8ECE-F122C597E49F}.Debug|x64.ActiveCfg = Debug|Any CPU
		{859B3028-BB34-46D2-8ECE-F122C597E49F}.Debug|x64.Build.0 = Debug|Any CPU
		{859B3028-BB34-46D2-8ECE-F122C597E49F}.Debug|x86.ActiveCfg = Debug|Any CPU
		{859B3028-BB34-46D2-8ECE-F122C597E49F}.Debug|x86.Build.0 = Debug|Any CPU
		{859B3028-BB34-46D2-8ECE-F122C597E49F}.Release|Any CPU.ActiveCfg = Release|Any CPU
		{859B3028-BB34-46D2-8ECE-F122C597E49F}.Release|Any CPU.Build.0 = Release|Any CPU
		{859B3028-BB34-46D2-8ECE-F122C597E49F}.Release|x64.ActiveCfg = Release|Any CPU
		{859B3028-BB34-46D2-8ECE-F122C597E49F}.Release|x64.Build.0 = Release|Any CPU
		{859B3028-BB34-46D2-8ECE-F122C597E49F}.Release|x86.ActiveCfg = Release|Any CPU
		{859B3028-BB34-46D2-8ECE-F122C597E49F}.Release|x86.Build.0 = Release|Any CPU
		{1FBA25C3-AC68-4544-911D-88C90E6F37A3}.Debug|Any CPU.ActiveCfg = Debug|Any CPU
		{1FBA25C3-AC68-4544-911D-88C90E6F37A3}.Debug|Any CPU.Build.0 = Debug|Any CPU
		{1FBA25C3-AC68-4544-911D-88C90E6F37A3}.Debug|x64.ActiveCfg = Debug|Any CPU
		{1FBA25C3-AC68-4544-911D-88C90E6F37A3}.Debug|x64.Build.0 = Debug|Any CPU
		{1FBA25C3-AC68-4544-911D-88C90E6F37A3}.Debug|x86.ActiveCfg = Debug|Any CPU
		{1FBA25C3-AC68-4544-911D-88C90E6F37A3}.Debug|x86.Build.0 = Debug|Any CPU
		{1FBA25C3-AC68-4544-911D-88C90E6F37A3}.Release|Any CPU.ActiveCfg = Release|Any CPU
		{1FBA25C3-AC68-4544-911D-88C90E6F37A3}.Release|Any CPU.Build.0 = Release|Any CPU
		{1FBA25C3-AC68-4544-911D-88C90E6F37A3}.Release|x64.ActiveCfg = Release|Any CPU
		{1FBA25C3-AC68-4544-911D-88C90E6F37A3}.Release|x64.Build.0 = Release|Any CPU
		{1FBA25C3-AC68-4544-911D-88C90E6F37A3}.Release|x86.ActiveCfg = Release|Any CPU
		{1FBA25C3-AC68-4544-911D-88C90E6F37A3}.Release|x86.Build.0 = Release|Any CPU
		{A4CE38BB-1D19-44EE-986D-1838538FD7F5}.Debug|Any CPU.ActiveCfg = Debug|Any CPU
		{A4CE38BB-1D19-44EE-986D-1838538FD7F5}.Debug|Any CPU.Build.0 = Debug|Any CPU
		{A4CE38BB-1D19-44EE-986D-1838538FD7F5}.Debug|x64.ActiveCfg = Debug|Any CPU
		{A4CE38BB-1D19-44EE-986D-1838538FD7F5}.Debug|x64.Build.0 = Debug|Any CPU
		{A4CE38BB-1D19-44EE-986D-1838538FD7F5}.Debug|x86.ActiveCfg = Debug|Any CPU
		{A4CE38BB-1D19-44EE-986D-1838538FD7F5}.Debug|x86.Build.0 = Debug|Any CPU
		{A4CE38BB-1D19-44EE-986D-1838538FD7F5}.Release|Any CPU.ActiveCfg = Release|Any CPU
		{A4CE38BB-1D19-44EE-986D-1838538FD7F5}.Release|Any CPU.Build.0 = Release|Any CPU
		{A4CE38BB-1D19-44EE-986D-1838538FD7F5}.Release|x64.ActiveCfg = Release|Any CPU
		{A4CE38BB-1D19-44EE-986D-1838538FD7F5}.Release|x64.Build.0 = Release|Any CPU
		{A4CE38BB-1D19-44EE-986D-1838538FD7F5}.Release|x86.ActiveCfg = Release|Any CPU
		{A4CE38BB-1D19-44EE-986D-1838538FD7F5}.Release|x86.Build.0 = Release|Any CPU
		{4367694B-DC9A-4CD2-AE59-18D05FAB5D47}.Debug|Any CPU.ActiveCfg = Debug|Any CPU
		{4367694B-DC9A-4CD2-AE59-18D05FAB5D47}.Debug|Any CPU.Build.0 = Debug|Any CPU
		{4367694B-DC9A-4CD2-AE59-18D05FAB5D47}.Debug|x64.ActiveCfg = Debug|Any CPU
		{4367694B-DC9A-4CD2-AE59-18D05FAB5D47}.Debug|x64.Build.0 = Debug|Any CPU
		{4367694B-DC9A-4CD2-AE59-18D05FAB5D47}.Debug|x86.ActiveCfg = Debug|Any CPU
		{4367694B-DC9A-4CD2-AE59-18D05FAB5D47}.Debug|x86.Build.0 = Debug|Any CPU
		{4367694B-DC9A-4CD2-AE59-18D05FAB5D47}.Release|Any CPU.ActiveCfg = Release|Any CPU
		{4367694B-DC9A-4CD2-AE59-18D05FAB5D47}.Release|Any CPU.Build.0 = Release|Any CPU
		{4367694B-DC9A-4CD2-AE59-18D05FAB5D47}.Release|x64.ActiveCfg = Release|Any CPU
		{4367694B-DC9A-4CD2-AE59-18D05FAB5D47}.Release|x64.Build.0 = Release|Any CPU
		{4367694B-DC9A-4CD2-AE59-18D05FAB5D47}.Release|x86.ActiveCfg = Release|Any CPU
		{4367694B-DC9A-4CD2-AE59-18D05FAB5D47}.Release|x86.Build.0 = Release|Any CPU
		{DDE56695-FFAF-4E80-BD71-1B50AFED7EC4}.Debug|Any CPU.ActiveCfg = Debug|Any CPU
		{DDE56695-FFAF-4E80-BD71-1B50AFED7EC4}.Debug|Any CPU.Build.0 = Debug|Any CPU
		{DDE56695-FFAF-4E80-BD71-1B50AFED7EC4}.Debug|x64.ActiveCfg = Debug|Any CPU
		{DDE56695-FFAF-4E80-BD71-1B50AFED7EC4}.Debug|x64.Build.0 = Debug|Any CPU
		{DDE56695-FFAF-4E80-BD71-1B50AFED7EC4}.Debug|x86.ActiveCfg = Debug|Any CPU
		{DDE56695-FFAF-4E80-BD71-1B50AFED7EC4}.Debug|x86.Build.0 = Debug|Any CPU
		{DDE56695-FFAF-4E80-BD71-1B50AFED7EC4}.Release|Any CPU.ActiveCfg = Release|Any CPU
		{DDE56695-FFAF-4E80-BD71-1B50AFED7EC4}.Release|Any CPU.Build.0 = Release|Any CPU
		{DDE56695-FFAF-4E80-BD71-1B50AFED7EC4}.Release|x64.ActiveCfg = Release|Any CPU
		{DDE56695-FFAF-4E80-BD71-1B50AFED7EC4}.Release|x64.Build.0 = Release|Any CPU
		{DDE56695-FFAF-4E80-BD71-1B50AFED7EC4}.Release|x86.ActiveCfg = Release|Any CPU
		{DDE56695-FFAF-4E80-BD71-1B50AFED7EC4}.Release|x86.Build.0 = Release|Any CPU
		{42221FC1-E47F-4D8A-B6F2-42D9537044DA}.Debug|Any CPU.ActiveCfg = Debug|Any CPU
		{42221FC1-E47F-4D8A-B6F2-42D9537044DA}.Debug|Any CPU.Build.0 = Debug|Any CPU
		{42221FC1-E47F-4D8A-B6F2-42D9537044DA}.Debug|x64.ActiveCfg = Debug|Any CPU
		{42221FC1-E47F-4D8A-B6F2-42D9537044DA}.Debug|x64.Build.0 = Debug|Any CPU
		{42221FC1-E47F-4D8A-B6F2-42D9537044DA}.Debug|x86.ActiveCfg = Debug|Any CPU
		{42221FC1-E47F-4D8A-B6F2-42D9537044DA}.Debug|x86.Build.0 = Debug|Any CPU
		{42221FC1-E47F-4D8A-B6F2-42D9537044DA}.Release|Any CPU.ActiveCfg = Release|Any CPU
		{42221FC1-E47F-4D8A-B6F2-42D9537044DA}.Release|Any CPU.Build.0 = Release|Any CPU
		{42221FC1-E47F-4D8A-B6F2-42D9537044DA}.Release|x64.ActiveCfg = Release|Any CPU
		{42221FC1-E47F-4D8A-B6F2-42D9537044DA}.Release|x64.Build.0 = Release|Any CPU
		{42221FC1-E47F-4D8A-B6F2-42D9537044DA}.Release|x86.ActiveCfg = Release|Any CPU
		{42221FC1-E47F-4D8A-B6F2-42D9537044DA}.Release|x86.Build.0 = Release|Any CPU
		{93933479-3B02-40C3-A810-CA61291F9B24}.Debug|Any CPU.ActiveCfg = Debug|Any CPU
		{93933479-3B02-40C3-A810-CA61291F9B24}.Debug|Any CPU.Build.0 = Debug|Any CPU
		{93933479-3B02-40C3-A810-CA61291F9B24}.Debug|x64.ActiveCfg = Debug|Any CPU
		{93933479-3B02-40C3-A810-CA61291F9B24}.Debug|x64.Build.0 = Debug|Any CPU
		{93933479-3B02-40C3-A810-CA61291F9B24}.Debug|x86.ActiveCfg = Debug|Any CPU
		{93933479-3B02-40C3-A810-CA61291F9B24}.Debug|x86.Build.0 = Debug|Any CPU
		{93933479-3B02-40C3-A810-CA61291F9B24}.Release|Any CPU.ActiveCfg = Release|Any CPU
		{93933479-3B02-40C3-A810-CA61291F9B24}.Release|Any CPU.Build.0 = Release|Any CPU
		{93933479-3B02-40C3-A810-CA61291F9B24}.Release|x64.ActiveCfg = Release|Any CPU
		{93933479-3B02-40C3-A810-CA61291F9B24}.Release|x64.Build.0 = Release|Any CPU
		{93933479-3B02-40C3-A810-CA61291F9B24}.Release|x86.ActiveCfg = Release|Any CPU
		{93933479-3B02-40C3-A810-CA61291F9B24}.Release|x86.Build.0 = Release|Any CPU
	EndGlobalSection
	GlobalSection(NestedProjects) = preSolution
		{44ABCCB1-9667-4AAF-9137-81BD75F92A05} = {4B3954E6-7974-4D1C-85B3-B0EEDD11A10E}
		{BC20D309-1D47-41E3-8D6B-338B6ECB92FF} = {4B3954E6-7974-4D1C-85B3-B0EEDD11A10E}
		{4B3954E6-7974-4D1C-85B3-B0EEDD11A10E} = {E8A507F6-CA65-4916-9D6F-47E0E36D0B49}
		{859B3028-BB34-46D2-8ECE-F122C597E49F} = {4B3954E6-7974-4D1C-85B3-B0EEDD11A10E}
		{1FBA25C3-AC68-4544-911D-88C90E6F37A3} = {4B3954E6-7974-4D1C-85B3-B0EEDD11A10E}
		{A4CE38BB-1D19-44EE-986D-1838538FD7F5} = {4B3954E6-7974-4D1C-85B3-B0EEDD11A10E}
		{4367694B-DC9A-4CD2-AE59-18D05FAB5D47} = {4B3954E6-7974-4D1C-85B3-B0EEDD11A10E}
		{DDE56695-FFAF-4E80-BD71-1B50AFED7EC4} = {4B3954E6-7974-4D1C-85B3-B0EEDD11A10E}
		{C2ED10DE-871E-4651-89C4-AEA2CFDD9136} = {E8A507F6-CA65-4916-9D6F-47E0E36D0B49}
		{42221FC1-E47F-4D8A-B6F2-42D9537044DA} = {4B3954E6-7974-4D1C-85B3-B0EEDD11A10E}
		{93933479-3B02-40C3-A810-CA61291F9B24} = {4B3954E6-7974-4D1C-85B3-B0EEDD11A10E}
	EndGlobalSection
EndGlobal
